{
  "originHash" : "f584bd2ca0f11e78cc2264795f52de087480feae1229445b2b747f48c23391cf",
  "pins" : [
    {
      "identity" : "swiftuiflux",
      "kind" : "remoteSourceControl",
      "location" : "https://github.com/Dimillian/SwiftUIFlux.git",
      "state" : {
        "revision" : "05e3e07a752a513bc160bcc589004ebf1bc6c1dc"
      }
    }
  ],
  "version" : 3
}
