{
  "originHash" : "de3073a10d35aeb57022015234a77b16a2b04a3dbc2d53c2be255743d3bb48b8",
  "pins" : [
    {
      "identity" : "swiftuiflux",
      "kind" : "remoteSourceControl",
      "location" : "https://github.com/Dimillian/SwiftUIFlux.git",
      "state" : {
        "revision" : "a48dd509702797028fa103844008239dded85063",
        "version" : "0.5.1"
      }
    }
  ],
  "version" : 3
}
